// !$*UTF8*$!
{
	archiveVersion = 1;
	classes = {
	};
	objectVersion = 46;
	objects = {

/* Begin PBXBuildFile section */
		DCE6A18F1D0991800073C9FA /* AppDelegate.swift in Sources */ = {isa = PBXBuildFile; fileRef = DCE6A18E1D0991800073C9FA /* AppDelegate.swift */; };
		DCE6A1911D0991800073C9FA /* ViewController.swift in Sources */ = {isa = PBXBuildFile; fileRef = DCE6A1901D0991800073C9FA /* ViewController.swift */; };
		DCE6A1941D0991800073C9FA /* Main.storyboard in Resources */ = {isa = PBXBuildFile; fileRef = DCE6A1921D0991800073C9FA /* Main.storyboard */; };
		DCE6A1961D0991800073C9FA /* Assets.xcassets in Resources */ = {isa = PBXBuildFile; fileRef = DCE6A1951D0991800073C9FA /* Assets.xcassets */; };
		DCE6A1991D0991800073C9FA /* LaunchScreen.storyboard in Resources */ = {isa = PBXBuildFile; fileRef = DCE6A1971D0991800073C9FA /* LaunchScreen.storyboard */; };
		DCE6A1A41D0991800073C9FA /* MusicVideoTests.swift in Sources */ = {isa = PBXBuildFile; fileRef = DCE6A1A31D0991800073C9FA /* MusicVideoTests.swift */; };
		DCE6A1AF1D0991800073C9FA /* MusicVideoUITests.swift in Sources */ = {isa = PBXBuildFile; fileRef = DCE6A1AE1D0991800073C9FA /* MusicVideoUITests.swift */; };
		DCE6A1C11D099DDF0073C9FA /* APIManager.swift in Sources */ = {isa = PBXBuildFile; fileRef = DCE6A1C01D099DDF0073C9FA /* APIManager.swift */; };
		DCE6A1C41D09AFE90073C9FA /* Constants.swift in Sources */ = {isa = PBXBuildFile; fileRef = DCE6A1C31D09AFE90073C9FA /* Constants.swift */; };
		DCE6A1C61D09B1C50073C9FA /* MusicVideo.swift in Sources */ = {isa = PBXBuildFile; fileRef = DCE6A1C51D09B1C50073C9FA /* MusicVideo.swift */; };
		DCE6A2121D0AD5F10073C9FA /* Reachability.m in Sources */ = {isa = PBXBuildFile; fileRef = DCE6A2111D0AD5F10073C9FA /* Reachability.m */; };
/* End PBXBuildFile section */

/* Begin PBXContainerItemProxy section */
		DCE6A1A01D0991800073C9FA /* PBXContainerItemProxy */ = {
			isa = PBXContainerItemProxy;
			containerPortal = DCE6A1831D09917F0073C9FA /* Project object */;
			proxyType = 1;
			remoteGlobalIDString = DCE6A18A1D0991800073C9FA;
			remoteInfo = MusicVideo;
		};
		DCE6A1AB1D0991800073C9FA /* PBXContainerItemProxy */ = {
			isa = PBXContainerItemProxy;
			containerPortal = DCE6A1831D09917F0073C9FA /* Project object */;
			proxyType = 1;
			remoteGlobalIDString = DCE6A18A1D0991800073C9FA;
			remoteInfo = MusicVideo;
		};
/* End PBXContainerItemProxy section */

/* Begin PBXFileReference section */
		DCE6A18B1D0991800073C9FA /* MusicVideo.app */ = {isa = PBXFileReference; explicitFileType = wrapper.application; includeInIndex = 0; path = MusicVideo.app; sourceTree = BUILT_PRODUCTS_DIR; };
		DCE6A18E1D0991800073C9FA /* AppDelegate.swift */ = {isa = PBXFileReference; lastKnownFileType = sourcecode.swift; path = AppDelegate.swift; sourceTree = "<group>"; };
		DCE6A1901D0991800073C9FA /* ViewController.swift */ = {isa = PBXFileReference; lastKnownFileType = sourcecode.swift; path = ViewController.swift; sourceTree = "<group>"; };
		DCE6A1931D0991800073C9FA /* Base */ = {isa = PBXFileReference; lastKnownFileType = file.storyboard; name = Base; path = Base.lproj/Main.storyboard; sourceTree = "<group>"; };
		DCE6A1951D0991800073C9FA /* Assets.xcassets */ = {isa = PBXFileReference; lastKnownFileType = folder.assetcatalog; path = Assets.xcassets; sourceTree = "<group>"; };
		DCE6A1981D0991800073C9FA /* Base */ = {isa = PBXFileReference; lastKnownFileType = file.storyboard; name = Base; path = Base.lproj/LaunchScreen.storyboard; sourceTree = "<group>"; };
		DCE6A19A1D0991800073C9FA /* Info.plist */ = {isa = PBXFileReference; lastKnownFileType = text.plist.xml; path = Info.plist; sourceTree = "<group>"; };
		DCE6A19F1D0991800073C9FA /* MusicVideoTests.xctest */ = {isa = PBXFileReference; explicitFileType = wrapper.cfbundle; includeInIndex = 0; path = MusicVideoTests.xctest; sourceTree = BUILT_PRODUCTS_DIR; };
		DCE6A1A31D0991800073C9FA /* MusicVideoTests.swift */ = {isa = PBXFileReference; lastKnownFileType = sourcecode.swift; path = MusicVideoTests.swift; sourceTree = "<group>"; };
		DCE6A1A51D0991800073C9FA /* Info.plist */ = {isa = PBXFileReference; lastKnownFileType = text.plist.xml; path = Info.plist; sourceTree = "<group>"; };
		DCE6A1AA1D0991800073C9FA /* MusicVideoUITests.xctest */ = {isa = PBXFileReference; explicitFileType = wrapper.cfbundle; includeInIndex = 0; path = MusicVideoUITests.xctest; sourceTree = BUILT_PRODUCTS_DIR; };
		DCE6A1AE1D0991800073C9FA /* MusicVideoUITests.swift */ = {isa = PBXFileReference; lastKnownFileType = sourcecode.swift; path = MusicVideoUITests.swift; sourceTree = "<group>"; };
		DCE6A1B01D0991800073C9FA /* Info.plist */ = {isa = PBXFileReference; lastKnownFileType = text.plist.xml; path = Info.plist; sourceTree = "<group>"; };
		DCE6A1C01D099DDF0073C9FA /* APIManager.swift */ = {isa = PBXFileReference; fileEncoding = 4; lastKnownFileType = sourcecode.swift; path = APIManager.swift; sourceTree = "<group>"; };
		DCE6A1C31D09AFE90073C9FA /* Constants.swift */ = {isa = PBXFileReference; fileEncoding = 4; lastKnownFileType = sourcecode.swift; path = Constants.swift; sourceTree = "<group>"; };
		DCE6A1C51D09B1C50073C9FA /* MusicVideo.swift */ = {isa = PBXFileReference; fileEncoding = 4; lastKnownFileType = sourcecode.swift; path = MusicVideo.swift; sourceTree = "<group>"; };
		DCE6A20F1D0AD5F00073C9FA /* MusicVideo-Bridging-Header.h */ = {isa = PBXFileReference; lastKnownFileType = sourcecode.c.h; path = "MusicVideo-Bridging-Header.h"; sourceTree = "<group>"; };
		DCE6A2101D0AD5F10073C9FA /* Reachability.h */ = {isa = PBXFileReference; fileEncoding = 4; lastKnownFileType = sourcecode.c.h; path = Reachability.h; sourceTree = "<group>"; };
		DCE6A2111D0AD5F10073C9FA /* Reachability.m */ = {isa = PBXFileReference; fileEncoding = 4; lastKnownFileType = sourcecode.c.objc; path = Reachability.m; sourceTree = "<group>"; };
/* End PBXFileReference section */

/* Begin PBXFrameworksBuildPhase section */
		DCE6A1881D0991800073C9FA /* Frameworks */ = {
			isa = PBXFrameworksBuildPhase;
			buildActionMask = 2147483647;
			files = (
			);
			runOnlyForDeploymentPostprocessing = 0;
		};
		DCE6A19C1D0991800073C9FA /* Frameworks */ = {
			isa = PBXFrameworksBuildPhase;
			buildActionMask = 2147483647;
			files = (
			);
			runOnlyForDeploymentPostprocessing = 0;
		};
		DCE6A1A71D0991800073C9FA /* Frameworks */ = {
			isa = PBXFrameworksBuildPhase;
			buildActionMask = 2147483647;
			files = (
			);
			runOnlyForDeploymentPostprocessing = 0;
		};
/* End PBXFrameworksBuildPhase section */

/* Begin PBXGroup section */
		DCE6A1821D09917F0073C9FA = {
			isa = PBXGroup;
			children = (
				DCE6A18D1D0991800073C9FA /* MusicVideo */,
				DCE6A1A21D0991800073C9FA /* MusicVideoTests */,
				DCE6A1AD1D0991800073C9FA /* MusicVideoUITests */,
				DCE6A18C1D0991800073C9FA /* Products */,
			);
			sourceTree = "<group>";
		};
		DCE6A18C1D0991800073C9FA /* Products */ = {
			isa = PBXGroup;
			children = (
				DCE6A18B1D0991800073C9FA /* MusicVideo.app */,
				DCE6A19F1D0991800073C9FA /* MusicVideoTests.xctest */,
				DCE6A1AA1D0991800073C9FA /* MusicVideoUITests.xctest */,
			);
			name = Products;
			sourceTree = "<group>";
		};
		DCE6A18D1D0991800073C9FA /* MusicVideo */ = {
			isa = PBXGroup;
			children = (
				DCE6A20E1D0AD5390073C9FA /* Obj-c */,
				DCE6A1C21D09AFD40073C9FA /* Utils */,
				DCE6A1BF1D09992C0073C9FA /* Supporting Files */,
				DCE6A1BC1D0998A70073C9FA /* Model */,
				DCE6A1BD1D0998B50073C9FA /* Controller */,
				DCE6A1BE1D0998FE0073C9FA /* View */,
			);
			path = MusicVideo;
			sourceTree = "<group>";
		};
		DCE6A1A21D0991800073C9FA /* MusicVideoTests */ = {
			isa = PBXGroup;
			children = (
				DCE6A1A31D0991800073C9FA /* MusicVideoTests.swift */,
				DCE6A1A51D0991800073C9FA /* Info.plist */,
			);
			path = MusicVideoTests;
			sourceTree = "<group>";
		};
		DCE6A1AD1D0991800073C9FA /* MusicVideoUITests */ = {
			isa = PBXGroup;
			children = (
				DCE6A1AE1D0991800073C9FA /* MusicVideoUITests.swift */,
				DCE6A1B01D0991800073C9FA /* Info.plist */,
			);
			path = MusicVideoUITests;
			sourceTree = "<group>";
		};
		DCE6A1BC1D0998A70073C9FA /* Model */ = {
			isa = PBXGroup;
			children = (
				DCE6A1C01D099DDF0073C9FA /* APIManager.swift */,
				DCE6A1C51D09B1C50073C9FA /* MusicVideo.swift */,
			);
			name = Model;
			sourceTree = "<group>";
		};
		DCE6A1BD1D0998B50073C9FA /* Controller */ = {
			isa = PBXGroup;
			children = (
				DCE6A1901D0991800073C9FA /* ViewController.swift */,
			);
			name = Controller;
			sourceTree = "<group>";
		};
		DCE6A1BE1D0998FE0073C9FA /* View */ = {
			isa = PBXGroup;
			children = (
				DCE6A1921D0991800073C9FA /* Main.storyboard */,
				DCE6A1971D0991800073C9FA /* LaunchScreen.storyboard */,
			);
			name = View;
			sourceTree = "<group>";
		};
		DCE6A1BF1D09992C0073C9FA /* Supporting Files */ = {
			isa = PBXGroup;
			children = (
				DCE6A18E1D0991800073C9FA /* AppDelegate.swift */,
				DCE6A1951D0991800073C9FA /* Assets.xcassets */,
				DCE6A19A1D0991800073C9FA /* Info.plist */,
			);
			name = "Supporting Files";
			sourceTree = "<group>";
		};
		DCE6A1C21D09AFD40073C9FA /* Utils */ = {
			isa = PBXGroup;
			children = (
				DCE6A1C31D09AFE90073C9FA /* Constants.swift */,
			);
			name = Utils;
			sourceTree = "<group>";
		};
		DCE6A20E1D0AD5390073C9FA /* Obj-c */ = {
			isa = PBXGroup;
			children = (
				DCE6A2101D0AD5F10073C9FA /* Reachability.h */,
				DCE6A2111D0AD5F10073C9FA /* Reachability.m */,
				DCE6A20F1D0AD5F00073C9FA /* MusicVideo-Bridging-Header.h */,
			);
			name = "Obj-c";
			sourceTree = "<group>";
		};
/* End PBXGroup section */

/* Begin PBXNativeTarget section */
		DCE6A18A1D0991800073C9FA /* MusicVideo */ = {
			isa = PBXNativeTarget;
			buildConfigurationList = DCE6A1B31D0991800073C9FA /* Build configuration list for PBXNativeTarget "MusicVideo" */;
			buildPhases = (
				DCE6A1871D0991800073C9FA /* Sources */,
				DCE6A1881D0991800073C9FA /* Frameworks */,
				DCE6A1891D0991800073C9FA /* Resources */,
			);
			buildRules = (
			);
			dependencies = (
			);
			name = MusicVideo;
			productName = MusicVideo;
			productReference = DCE6A18B1D0991800073C9FA /* MusicVideo.app */;
			productType = "com.apple.product-type.application";
		};
		DCE6A19E1D0991800073C9FA /* MusicVideoTests */ = {
			isa = PBXNativeTarget;
			buildConfigurationList = DCE6A1B61D0991800073C9FA /* Build configuration list for PBXNativeTarget "MusicVideoTests" */;
			buildPhases = (
				DCE6A19B1D0991800073C9FA /* Sources */,
				DCE6A19C1D0991800073C9FA /* Frameworks */,
				DCE6A19D1D0991800073C9FA /* Resources */,
			);
			buildRules = (
			);
			dependencies = (
				DCE6A1A11D0991800073C9FA /* PBXTargetDependency */,
			);
			name = MusicVideoTests;
			productName = MusicVideoTests;
			productReference = DCE6A19F1D0991800073C9FA /* MusicVideoTests.xctest */;
			productType = "com.apple.product-type.bundle.unit-test";
		};
		DCE6A1A91D0991800073C9FA /* MusicVideoUITests */ = {
			isa = PBXNativeTarget;
			buildConfigurationList = DCE6A1B91D0991800073C9FA /* Build configuration list for PBXNativeTarget "MusicVideoUITests" */;
			buildPhases = (
				DCE6A1A61D0991800073C9FA /* Sources */,
				DCE6A1A71D0991800073C9FA /* Frameworks */,
				DCE6A1A81D0991800073C9FA /* Resources */,
			);
			buildRules = (
			);
			dependencies = (
				DCE6A1AC1D0991800073C9FA /* PBXTargetDependency */,
			);
			name = MusicVideoUITests;
			productName = MusicVideoUITests;
			productReference = DCE6A1AA1D0991800073C9FA /* MusicVideoUITests.xctest */;
			productType = "com.apple.product-type.bundle.ui-testing";
		};
/* End PBXNativeTarget section */

/* Begin PBXProject section */
		DCE6A1831D09917F0073C9FA /* Project object */ = {
			isa = PBXProject;
			attributes = {
				LastSwiftUpdateCheck = 0730;
				LastUpgradeCheck = 0730;
				ORGANIZATIONNAME = "Stephen Barrett";
				TargetAttributes = {
					DCE6A18A1D0991800073C9FA = {
						CreatedOnToolsVersion = 7.3.1;
						DevelopmentTeam = SCGX46T5B8;
					};
					DCE6A19E1D0991800073C9FA = {
						CreatedOnToolsVersion = 7.3.1;
						TestTargetID = DCE6A18A1D0991800073C9FA;
					};
					DCE6A1A91D0991800073C9FA = {
						CreatedOnToolsVersion = 7.3.1;
						TestTargetID = DCE6A18A1D0991800073C9FA;
					};
				};
			};
			buildConfigurationList = DCE6A1861D09917F0073C9FA /* Build configuration list for PBXProject "MusicVideo" */;
			compatibilityVersion = "Xcode 3.2";
			developmentRegion = English;
			hasScannedForEncodings = 0;
			knownRegions = (
				en,
				Base,
			);
			mainGroup = DCE6A1821D09917F0073C9FA;
			productRefGroup = DCE6A18C1D0991800073C9FA /* Products */;
			projectDirPath = "";
			projectRoot = "";
			targets = (
				DCE6A18A1D0991800073C9FA /* MusicVideo */,
				DCE6A19E1D0991800073C9FA /* MusicVideoTests */,
				DCE6A1A91D0991800073C9FA /* MusicVideoUITests */,
			);
		};
/* End PBXProject section */

/* Begin PBXResourcesBuildPhase section */
		DCE6A1891D0991800073C9FA /* Resources */ = {
			isa = PBXResourcesBuildPhase;
			buildActionMask = 2147483647;
			files = (
				DCE6A1991D0991800073C9FA /* LaunchScreen.storyboard in Resources */,
				DCE6A1961D0991800073C9FA /* Assets.xcassets in Resources */,
				DCE6A1941D0991800073C9FA /* Main.storyboard in Resources */,
			);
			runOnlyForDeploymentPostprocessing = 0;
		};
		DCE6A19D1D0991800073C9FA /* Resources */ = {
			isa = PBXResourcesBuildPhase;
			buildActionMask = 2147483647;
			files = (
			);
			runOnlyForDeploymentPostprocessing = 0;
		};
		DCE6A1A81D0991800073C9FA /* Resources */ = {
			isa = PBXResourcesBuildPhase;
			buildActionMask = 2147483647;
			files = (
			);
			runOnlyForDeploymentPostprocessing = 0;
		};
/* End PBXResourcesBuildPhase section */

/* Begin PBXSourcesBuildPhase section */
		DCE6A1871D0991800073C9FA /* Sources */ = {
			isa = PBXSourcesBuildPhase;
			buildActionMask = 2147483647;
			files = (
				DCE6A1C11D099DDF0073C9FA /* APIManager.swift in Sources */,
				DCE6A1911D0991800073C9FA /* ViewController.swift in Sources */,
				DCE6A1C61D09B1C50073C9FA /* MusicVideo.swift in Sources */,
				DCE6A18F1D0991800073C9FA /* AppDelegate.swift in Sources */,
				DCE6A2121D0AD5F10073C9FA /* Reachability.m in Sources */,
				DCE6A1C41D09AFE90073C9FA /* Constants.swift in Sources */,
			);
			runOnlyForDeploymentPostprocessing = 0;
		};
		DCE6A19B1D0991800073C9FA /* Sources */ = {
			isa = PBXSourcesBuildPhase;
			buildActionMask = 2147483647;
			files = (
				DCE6A1A41D0991800073C9FA /* MusicVideoTests.swift in Sources */,
			);
			runOnlyForDeploymentPostprocessing = 0;
		};
		DCE6A1A61D0991800073C9FA /* Sources */ = {
			isa = PBXSourcesBuildPhase;
			buildActionMask = 2147483647;
			files = (
				DCE6A1AF1D0991800073C9FA /* MusicVideoUITests.swift in Sources */,
			);
			runOnlyForDeploymentPostprocessing = 0;
		};
/* End PBXSourcesBuildPhase section */

/* Begin PBXTargetDependency section */
		DCE6A1A11D0991800073C9FA /* PBXTargetDependency */ = {
			isa = PBXTargetDependency;
			target = DCE6A18A1D0991800073C9FA /* MusicVideo */;
			targetProxy = DCE6A1A01D0991800073C9FA /* PBXContainerItemProxy */;
		};
		DCE6A1AC1D0991800073C9FA /* PBXTargetDependency */ = {
			isa = PBXTargetDependency;
			target = DCE6A18A1D0991800073C9FA /* MusicVideo */;
			targetProxy = DCE6A1AB1D0991800073C9FA /* PBXContainerItemProxy */;
		};
/* End PBXTargetDependency section */

/* Begin PBXVariantGroup section */
		DCE6A1921D0991800073C9FA /* Main.storyboard */ = {
			isa = PBXVariantGroup;
			children = (
				DCE6A1931D0991800073C9FA /* Base */,
			);
			name = Main.storyboard;
			sourceTree = "<group>";
		};
		DCE6A1971D0991800073C9FA /* LaunchScreen.storyboard */ = {
			isa = PBXVariantGroup;
			children = (
				DCE6A1981D0991800073C9FA /* Base */,
			);
			name = LaunchScreen.storyboard;
			sourceTree = "<group>";
		};
/* End PBXVariantGroup section */

/* Begin XCBuildConfiguration section */
		DCE6A1B11D0991800073C9FA /* Debug */ = {
			isa = XCBuildConfiguration;
			buildSettings = {
				ALWAYS_SEARCH_USER_PATHS = NO;
				CLANG_ANALYZER_NONNULL = YES;
				CLANG_CXX_LANGUAGE_STANDARD = "gnu++0x";
				CLANG_CXX_LIBRARY = "libc++";
				CLANG_ENABLE_MODULES = YES;
				CLANG_ENABLE_OBJC_ARC = YES;
				CLANG_WARN_BOOL_CONVERSION = YES;
				CLANG_WARN_CONSTANT_CONVERSION = YES;
				CLANG_WARN_DIRECT_OBJC_ISA_USAGE = YES_ERROR;
				CLANG_WARN_EMPTY_BODY = YES;
				CLANG_WARN_ENUM_CONVERSION = YES;
				CLANG_WARN_INT_CONVERSION = YES;
				CLANG_WARN_OBJC_ROOT_CLASS = YES_ERROR;
				CLANG_WARN_UNREACHABLE_CODE = YES;
				CLANG_WARN__DUPLICATE_METHOD_MATCH = YES;
				"CODE_SIGN_IDENTITY[sdk=iphoneos*]" = "iPhone Developer";
				COPY_PHASE_STRIP = NO;
				DEBUG_INFORMATION_FORMAT = dwarf;
				ENABLE_STRICT_OBJC_MSGSEND = YES;
				ENABLE_TESTABILITY = YES;
				GCC_C_LANGUAGE_STANDARD = gnu99;
				GCC_DYNAMIC_NO_PIC = NO;
				GCC_NO_COMMON_BLOCKS = YES;
				GCC_OPTIMIZATION_LEVEL = 0;
				GCC_PREPROCESSOR_DEFINITIONS = (
					"DEBUG=1",
					"$(inherited)",
				);
				GCC_WARN_64_TO_32_BIT_CONVERSION = YES;
				GCC_WARN_ABOUT_RETURN_TYPE = YES_ERROR;
				GCC_WARN_UNDECLARED_SELECTOR = YES;
				GCC_WARN_UNINITIALIZED_AUTOS = YES_AGGRESSIVE;
				GCC_WARN_UNUSED_FUNCTION = YES;
				GCC_WARN_UNUSED_VARIABLE = YES;
				IPHONEOS_DEPLOYMENT_TARGET = 9.3;
				MTL_ENABLE_DEBUG_INFO = YES;
				ONLY_ACTIVE_ARCH = YES;
				SDKROOT = iphoneos;
				SWIFT_OPTIMIZATION_LEVEL = "-Onone";
				TARGETED_DEVICE_FAMILY = "1,2";
			};
			name = Debug;
		};
		DCE6A1B21D0991800073C9FA /* Release */ = {
			isa = XCBuildConfiguration;
			buildSettings = {
				ALWAYS_SEARCH_USER_PATHS = NO;
				CLANG_ANALYZER_NONNULL = YES;
				CLANG_CXX_LANGUAGE_STANDARD = "gnu++0x";
				CLANG_CXX_LIBRARY = "libc++";
				CLANG_ENABLE_MODULES = YES;
				CLANG_ENABLE_OBJC_ARC = YES;
				CLANG_WARN_BOOL_CONVERSION = YES;
				CLANG_WARN_CONSTANT_CONVERSION = YES;
				CLANG_WARN_DIRECT_OBJC_ISA_USAGE = YES_ERROR;
				CLANG_WARN_EMPTY_BODY = YES;
				CLANG_WARN_ENUM_CONVERSION = YES;
				CLANG_WARN_INT_CONVERSION = YES;
				CLANG_WARN_OBJC_ROOT_CLASS = YES_ERROR;
				CLANG_WARN_UNREACHABLE_CODE = YES;
				CLANG_WARN__DUPLICATE_METHOD_MATCH = YES;
				"CODE_SIGN_IDENTITY[sdk=iphoneos*]" = "iPhone Developer";
				COPY_PHASE_STRIP = NO;
				DEBUG_INFORMATION_FORMAT = "dwarf-with-dsym";
				ENABLE_NS_ASSERTIONS = NO;
				ENABLE_STRICT_OBJC_MSGSEND = YES;
				GCC_C_LANGUAGE_STANDARD = gnu99;
				GCC_NO_COMMON_BLOCKS = YES;
				GCC_WARN_64_TO_32_BIT_CONVERSION = YES;
				GCC_WARN_ABOUT_RETURN_TYPE = YES_ERROR;
				GCC_WARN_UNDECLARED_SELECTOR = YES;
				GCC_WARN_UNINITIALIZED_AUTOS = YES_AGGRESSIVE;
				GCC_WARN_UNUSED_FUNCTION = YES;
				GCC_WARN_UNUSED_VARIABLE = YES;
				IPHONEOS_DEPLOYMENT_TARGET = 9.3;
				MTL_ENABLE_DEBUG_INFO = NO;
				SDKROOT = iphoneos;
				TARGETED_DEVICE_FAMILY = "1,2";
				VALIDATE_PRODUCT = YES;
			};
			name = Release;
		};
		DCE6A1B41D0991800073C9FA /* Debug */ = {
			isa = XCBuildConfiguration;
			buildSettings = {
				ASSETCATALOG_COMPILER_APPICON_NAME = AppIcon;
				CLANG_ENABLE_MODULES = YES;
				CODE_SIGN_IDENTITY = "iPhone Developer";
				"CODE_SIGN_IDENTITY[sdk=iphoneos*]" = "iPhone Developer";
				INFOPLIST_FILE = MusicVideo/Info.plist;
				LD_RUNPATH_SEARCH_PATHS = "$(inherited) @executable_path/Frameworks";
				PRODUCT_BUNDLE_IDENTIFIER = com.steviebarrett.MusicVideo;
				PRODUCT_NAME = "$(TARGET_NAME)";
				PROVISIONING_PROFILE = "";
				SWIFT_OBJC_BRIDGING_HEADER = "MusicVideo/MusicVideo-Bridging-Header.h";
				SWIFT_OPTIMIZATION_LEVEL = "-Onone";
			};
			name = Debug;
		};
		DCE6A1B51D0991800073C9FA /* Release */ = {
			isa = XCBuildConfiguration;
			buildSettings = {
				ASSETCATALOG_COMPILER_APPICON_NAME = AppIcon;
				CLANG_ENABLE_MODULES = YES;
				CODE_SIGN_IDENTITY = "iPhone Developer";
				"CODE_SIGN_IDENTITY[sdk=iphoneos*]" = "iPhone Developer";
				INFOPLIST_FILE = MusicVideo/Info.plist;
				LD_RUNPATH_SEARCH_PATHS = "$(inherited) @executable_path/Frameworks";
				PRODUCT_BUNDLE_IDENTIFIER = com.steviebarrett.MusicVideo;
				PRODUCT_NAME = "$(TARGET_NAME)";
				PROVISIONING_PROFILE = "";
				SWIFT_OBJC_BRIDGING_HEADER = "MusicVideo/MusicVideo-Bridging-Header.h";
			};
			name = Release;
		};
		DCE6A1B71D0991800073C9FA /* Debug */ = {
			isa = XCBuildConfiguration;
			buildSettings = {
				BUNDLE_LOADER = "$(TEST_HOST)";
				INFOPLIST_FILE = MusicVideoTests/Info.plist;
				LD_RUNPATH_SEARCH_PATHS = "$(inherited) @executable_path/Frameworks @loader_path/Frameworks";
				PRODUCT_BUNDLE_IDENTIFIER = com.steviebarrett.MusicVideoTests;
				PRODUCT_NAME = "$(TARGET_NAME)";
				TEST_HOST = "$(BUILT_PRODUCTS_DIR)/MusicVideo.app/MusicVideo";
			};
			name = Debug;
		};
		DCE6A1B81D0991800073C9FA /* Release */ = {
			isa = XCBuildConfiguration;
			buildSettings = {
				BUNDLE_LOADER = "$(TEST_HOST)";
				INFOPLIST_FILE = MusicVideoTests/Info.plist;
				LD_RUNPATH_SEARCH_PATHS = "$(inherited) @executable_path/Frameworks @loader_path/Frameworks";
				PRODUCT_BUNDLE_IDENTIFIER = com.steviebarrett.MusicVideoTests;
				PRODUCT_NAME = "$(TARGET_NAME)";
				TEST_HOST = "$(BUILT_PRODUCTS_DIR)/MusicVideo.app/MusicVideo";
			};
			name = Release;
		};
		DCE6A1BA1D0991800073C9FA /* Debug */ = {
			isa = XCBuildConfiguration;
			buildSettings = {
				INFOPLIST_FILE = MusicVideoUITests/Info.plist;
				LD_RUNPATH_SEARCH_PATHS = "$(inherited) @executable_path/Frameworks @loader_path/Frameworks";
				PRODUCT_BUNDLE_IDENTIFIER = com.steviebarrett.MusicVideoUITests;
				PRODUCT_NAME = "$(TARGET_NAME)";
				TEST_TARGET_NAME = MusicVideo;
			};
			name = Debug;
		};
		DCE6A1BB1D0991800073C9FA /* Release */ = {
			isa = XCBuildConfiguration;
			buildSettings = {
				INFOPLIST_FILE = MusicVideoUITests/Info.plist;
				LD_RUNPATH_SEARCH_PATHS = "$(inherited) @executable_path/Frameworks @loader_path/Frameworks";
				PRODUCT_BUNDLE_IDENTIFIER = com.steviebarrett.MusicVideoUITests;
				PRODUCT_NAME = "$(TARGET_NAME)";
				TEST_TARGET_NAME = MusicVideo;
			};
			name = Release;
		};
/* End XCBuildConfiguration section */

/* Begin XCConfigurationList section */
		DCE6A1861D09917F0073C9FA /* Build configuration list for PBXProject "MusicVideo" */ = {
			isa = XCConfigurationList;
			buildConfigurations = (
				DCE6A1B11D0991800073C9FA /* Debug */,
				DCE6A1B21D0991800073C9FA /* Release */,
			);
			defaultConfigurationIsVisible = 0;
			defaultConfigurationName = Release;
		};
		DCE6A1B31D0991800073C9FA /* Build configuration list for PBXNativeTarget "MusicVideo" */ = {
			isa = XCConfigurationList;
			buildConfigurations = (
				DCE6A1B41D0991800073C9FA /* Debug */,
				DCE6A1B51D0991800073C9FA /* Release */,
			);
			defaultConfigurationIsVisible = 0;
		};
		DCE6A1B61D0991800073C9FA /* Build configuration list for PBXNativeTarget "MusicVideoTests" */ = {
			isa = XCConfigurationList;
			buildConfigurations = (
				DCE6A1B71D0991800073C9FA /* Debug */,
				DCE6A1B81D0991800073C9FA /* Release */,
			);
			defaultConfigurationIsVisible = 0;
		};
		DCE6A1B91D0991800073C9FA /* Build configuration list for PBXNativeTarget "MusicVideoUITests" */ = {
			isa = XCConfigurationList;
			buildConfigurations = (
				DCE6A1BA1D0991800073C9FA /* Debug */,
				DCE6A1BB1D0991800073C9FA /* Release */,
			);
			defaultConfigurationIsVisible = 0;
		};
/* End XCConfigurationList section */
	};
	rootObject = DCE6A1831D09917F0073C9FA /* Project object */;
}
